# This file is automatically @generated by Cargo.
# It is not intended for manual editing.
version = 4

[[package]]
name = "bnum"
version = "0.13.0"
source = "registry+https://github.com/rust-lang/crates.io-index"
checksum = "119771309b95163ec7aaf79810da82f7cd0599c19722d48b9c03894dca833966"

[[package]]
name = "chapter1"
version = "0.1.0"
dependencies = [
 "bnum",
]
